
Microsoft Visual Studio Solution File, Format Version 12.00
# Visual Studio Version 17
VisualStudioVersion = 17.7.34221.43
MinimumVisualStudioVersion = 10.0.40219.1
Project("{FAE04EC0-301F-11D3-BF4B-00C04F79EFBC}") = "world-resources", "world-resources\world-resources.csproj", "{CAAAC16B-A2A5-4B8F-98B0-74D6FE268A05}"
EndProject
Global
	GlobalSection(SolutionConfigurationPlatforms) = preSolution
		Debug|Any CPU = Debug|Any CPU
		Release|Any CPU = Release|Any CPU
	EndGlobalSection
	GlobalSection(ProjectConfigurationPlatforms) = postSolution
		{CAAAC16B-A2A5-4B8F-98B0-74D6FE268A05}.Debug|Any CPU.ActiveCfg = Debug|Any CPU
		{CAAAC16B-A2A5-4B8F-98B0-74D6FE268A05}.Debug|Any CPU.Build.0 = Debug|Any CPU
		{CAAAC16B-A2A5-4B8F-98B0-74D6FE268A05}.Release|Any CPU.ActiveCfg = Release|Any CPU
		{CAAAC16B-A2A5-4B8F-98B0-74D6FE268A05}.Release|Any CPU.Build.0 = Release|Any CPU
	EndGlobalSection
	GlobalSection(SolutionProperties) = preSolution
		HideSolutionNode = FALSE
	EndGlobalSection
	GlobalSection(ExtensibilityGlobals) = postSolution
		SolutionGuid = {0AC6B34F-D895-4D2B-ADB8-D6AAAA1A6C61}
	EndGlobalSection
EndGlobal
